<Solution>
  <Configurations>
    <Platform Name="Any CPU" />
    <Platform Name="x64" />
    <Platform Name="x86" />
  </Configurations>
  <Folder Name="/src/">
    <Project Path="src/Vcontrol.Worker/Vcontrol.Worker.csproj" />
  </Folder>
  <Folder Name="/tests/">
    <Project Path="tests/Vcontrol.Worker.Tests/Vcontrol.Worker.Tests.csproj" />
  </Folder>
</Solution>
