<Solution>
  <Configurations>
    <Platform Name="Any CPU" />
    <Platform Name="x64" />
    <Platform Name="x86" />
  </Configurations>
  <Folder Name="/SolutionItems/">
    <File Path=".editorconfig" />
    <File Path=".gitignore" />
    <File Path="GitVersion.yml" />
    <File Path="LICENSE" />
    <File Path="NOTICE.md" />
    <File Path="README.md" />
  </Folder>
  <Folder Name="/src/">
    <Project Path="src/Vcontrol.Worker/Vcontrol.Worker.csproj" />
    <Project Path="src/Vcontrol.Worker/vclient-dotnet/Vcontrol.Vclient.csproj" />
  </Folder>
  <Folder Name="/tests/">
    <Project Path="tests/Vcontrol.Worker.Tests/Vcontrol.Worker.Tests.csproj" />
    <Project Path="tests/Vclient.DotNet.Tests/Vclient.DotNet.Tests.csproj" />
  </Folder>
</Solution>
